PODS:
  - Alamofire (5.11.1)
  - FlutterMacOS (1.0.0)

DEPENDENCIES:
  - Alamofire (~> 5.9)
  - FlutterMacOS (from `Flutter/ephemeral`)

SPEC REPOS:
  trunk:
    - Alamofire

EXTERNAL SOURCES:
  FlutterMacOS:
    :path: Flutter/ephemeral

SPEC CHECKSUMS:
  Alamofire: eec6cd8f73b242b59e34153a606a909eb9864b14
  FlutterMacOS: d0db08ddef1a9af05a5ec4b724367152bb0500b1

PODFILE CHECKSUM: 34699ca19dd7d1119b0b59f722b345e2616d10fe

COCOAPODS: 1.16.2
